{
  "name": "keycloak-server",
  "lockfileVersion": 3,
  "requires": true,
  "packages": {
    "": {
      "name": "keycloak-server",
      "dependencies": {
        "@octokit/rest": "^22.0.0",
        "@types/gunzip-maybe": "^1.4.2",
        "@types/tar-fs": "^2.0.4",
        "gunzip-maybe": "^1.4.2",
        "tar-fs": "^3.1.0"
      }
    },
    "../../node_modules/.pnpm/@octokit+rest@22.0.0/node_modules/@octokit/rest": {
      "version": "22.0.0",
      "license": "MIT",
      "dependencies": {
        "@octokit/core": "^7.0.2",
        "@octokit/plugin-paginate-rest": "^13.0.1",
        "@octokit/plugin-request-log": "^6.0.0",
        "@octokit/plugin-rest-endpoint-methods": "^16.0.0"
      },
      "devDependencies": {
        "@octokit/auth-action": "^6.0.1",
        "@octokit/auth-app": "^8.0.1",
        "@octokit/fixtures-server": "^8.1.0",
        "@octokit/request": "^10.0.0",
        "@octokit/tsconfig": "^4.0.0",
        "@types/node": "^22.0.0",
        "@vitest/coverage-v8": "^3.0.0",
        "esbuild": "^0.25.0",
        "fetch-mock": "^12.0.0",
        "glob": "^11.0.0",
        "nock": "^14.0.0-beta.8",
        "prettier": "^3.2.4",
        "semantic-release-plugin-update-version-in-files": "^2.0.0",
        "typescript": "^5.3.3",
        "undici": "^6.4.0",
        "vitest": "^3.0.0"
      },
      "engines": {
        "node": ">= 20"
      }
    },
    "../../node_modules/.pnpm/@types+gunzip-maybe@1.4.2/node_modules/@types/gunzip-maybe": {
      "version": "1.4.2",
      "license": "MIT",
      "dependencies": {
        "@types/node": "*"
      }
    },
    "../../node_modules/.pnpm/@types+tar-fs@2.0.4/node_modules/@types/tar-fs": {
      "version": "2.0.4",
      "license": "MIT",
      "dependencies": {
        "@types/node": "*",
        "@types/tar-stream": "*"
      }
    },
    "../../node_modules/.pnpm/gunzip-maybe@1.4.2/node_modules/gunzip-maybe": {
      "version": "1.4.2",
      "license": "MIT",
      "dependencies": {
        "browserify-zlib": "^0.1.4",
        "is-deflate": "^1.0.0",
        "is-gzip": "^1.0.0",
        "peek-stream": "^1.1.0",
        "pumpify": "^1.3.3",
        "through2": "^2.0.3"
      },
      "bin": {
        "gunzip-maybe": "bin.js"
      },
      "devDependencies": {
        "concat-stream": "^1.4.5",
        "standard": "^9.0.0",
        "tape": "^4.6.3"
      }
    },
    "node_modules/@octokit/rest": {
      "resolved": "../../node_modules/.pnpm/@octokit+rest@22.0.0/node_modules/@octokit/rest",
      "link": true
    },
    "node_modules/@types/gunzip-maybe": {
      "resolved": "../../node_modules/.pnpm/@types+gunzip-maybe@1.4.2/node_modules/@types/gunzip-maybe",
      "link": true
    },
    "node_modules/@types/tar-fs": {
      "resolved": "../../node_modules/.pnpm/@types+tar-fs@2.0.4/node_modules/@types/tar-fs",
      "link": true
    },
    "node_modules/b4a": {
      "version": "1.6.7",
      "resolved": "https://registry.npmjs.org/b4a/-/b4a-1.6.7.tgz",
      "integrity": "sha512-OnAYlL5b7LEkALw87fUVafQw5rVR9RjwGd4KUwNQ6DrrNmaVaUCgLipfVlzrPQ4tWOR9P0IXGNOx50jYCCdSJg=="
    },
    "node_modules/bare-events": {
      "version": "2.6.0",
      "resolved": "https://registry.npmjs.org/bare-events/-/bare-events-2.6.0.tgz",
      "integrity": "sha512-EKZ5BTXYExaNqi3I3f9RtEsaI/xBSGjE0XZCZilPzFAV/goswFHuPd9jEZlPIZ/iNZJwDSao9qRiScySz7MbQg==",
      "optional": true
    },
    "node_modules/bare-fs": {
      "version": "4.1.6",
      "resolved": "https://registry.npmjs.org/bare-fs/-/bare-fs-4.1.6.tgz",
      "integrity": "sha512-25RsLF33BqooOEFNdMcEhMpJy8EoR88zSMrnOQOaM3USnOK2VmaJ1uaQEwPA6AQjrv1lXChScosN6CzbwbO9OQ==",
      "optional": true,
      "dependencies": {
        "bare-events": "^2.5.4",
        "bare-path": "^3.0.0",
        "bare-stream": "^2.6.4"
      },
      "engines": {
        "bare": ">=1.16.0"
      },
      "peerDependencies": {
        "bare-buffer": "*"
      },
      "peerDependenciesMeta": {
        "bare-buffer": {
          "optional": true
        }
      }
    },
    "node_modules/bare-os": {
      "version": "3.6.1",
      "resolved": "https://registry.npmjs.org/bare-os/-/bare-os-3.6.1.tgz",
      "integrity": "sha512-uaIjxokhFidJP+bmmvKSgiMzj2sV5GPHaZVAIktcxcpCyBFFWO+YlikVAdhmUo2vYFvFhOXIAlldqV29L8126g==",
      "optional": true,
      "engines": {
        "bare": ">=1.14.0"
      }
    },
    "node_modules/bare-path": {
      "version": "3.0.0",
      "resolved": "https://registry.npmjs.org/bare-path/-/bare-path-3.0.0.tgz",
      "integrity": "sha512-tyfW2cQcB5NN8Saijrhqn0Zh7AnFNsnczRcuWODH0eYAXBsJ5gVxAUuNr7tsHSC6IZ77cA0SitzT+s47kot8Mw==",
      "optional": true,
      "dependencies": {
        "bare-os": "^3.0.1"
      }
    },
    "node_modules/bare-stream": {
      "version": "2.6.5",
      "resolved": "https://registry.npmjs.org/bare-stream/-/bare-stream-2.6.5.tgz",
      "integrity": "sha512-jSmxKJNJmHySi6hC42zlZnq00rga4jjxcgNZjY9N5WlOe/iOoGRtdwGsHzQv2RlH2KOYMwGUXhf2zXd32BA9RA==",
      "optional": true,
      "dependencies": {
        "streamx": "^2.21.0"
      },
      "peerDependencies": {
        "bare-buffer": "*",
        "bare-events": "*"
      },
      "peerDependenciesMeta": {
        "bare-buffer": {
          "optional": true
        },
        "bare-events": {
          "optional": true
        }
      }
    },
    "node_modules/end-of-stream": {
      "version": "1.4.5",
      "resolved": "https://registry.npmjs.org/end-of-stream/-/end-of-stream-1.4.5.tgz",
      "integrity": "sha512-ooEGc6HP26xXq/N+GCGOT0JKCLDGrq2bQUZrQ7gyrJiZANJ/8YDTxTpQBXGMn+WbIQXNVpyWymm7KYVICQnyOg==",
      "dependencies": {
        "once": "^1.4.0"
      }
    },
    "node_modules/fast-fifo": {
      "version": "1.3.2",
      "resolved": "https://registry.npmjs.org/fast-fifo/-/fast-fifo-1.3.2.tgz",
      "integrity": "sha512-/d9sfos4yxzpwkDkuN7k2SqFKtYNmCTzgfEpz82x34IM9/zc8KGxQoXg1liNC/izpRM/MBdt44Nmx41ZWqk+FQ=="
    },
    "node_modules/gunzip-maybe": {
      "resolved": "../../node_modules/.pnpm/gunzip-maybe@1.4.2/node_modules/gunzip-maybe",
      "link": true
    },
    "node_modules/once": {
      "version": "1.4.0",
      "resolved": "https://registry.npmjs.org/once/-/once-1.4.0.tgz",
      "integrity": "sha512-lNaJgI+2Q5URQBkccEKHTQOPaXdUxnZZElQTZY0MFUAuaEqe1E+Nyvgdz/aIyNi6Z9MzO5dv1H8n58/GELp3+w==",
      "dependencies": {
        "wrappy": "1"
      }
    },
    "node_modules/pump": {
      "version": "3.0.3",
      "resolved": "https://registry.npmjs.org/pump/-/pump-3.0.3.tgz",
      "integrity": "sha512-todwxLMY7/heScKmntwQG8CXVkWUOdYxIvY2s0VWAAMh/nd8SoYiRaKjlr7+iCs984f2P8zvrfWcDDYVb73NfA==",
      "dependencies": {
        "end-of-stream": "^1.1.0",
        "once": "^1.3.1"
      }
    },
    "node_modules/streamx": {
      "version": "2.22.1",
      "resolved": "https://registry.npmjs.org/streamx/-/streamx-2.22.1.tgz",
      "integrity": "sha512-znKXEBxfatz2GBNK02kRnCXjV+AA4kjZIUxeWSr3UGirZMJfTE9uiwKHobnbgxWyL/JWro8tTq+vOqAK1/qbSA==",
      "dependencies": {
        "fast-fifo": "^1.3.2",
        "text-decoder": "^1.1.0"
      },
      "optionalDependencies": {
        "bare-events": "^2.2.0"
      }
    },
    "node_modules/tar-fs": {
      "version": "3.1.0",
      "resolved": "https://registry.npmjs.org/tar-fs/-/tar-fs-3.1.0.tgz",
      "integrity": "sha512-5Mty5y/sOF1YWj1J6GiBodjlDc05CUR8PKXrsnFAiSG0xA+GHeWLovaZPYUDXkH/1iKRf2+M5+OrRgzC7O9b7w==",
      "dependencies": {
        "pump": "^3.0.0",
        "tar-stream": "^3.1.5"
      },
      "optionalDependencies": {
        "bare-fs": "^4.0.1",
        "bare-path": "^3.0.0"
      }
    },
    "node_modules/tar-stream": {
      "version": "3.1.7",
      "resolved": "https://registry.npmjs.org/tar-stream/-/tar-stream-3.1.7.tgz",
      "integrity": "sha512-qJj60CXt7IU1Ffyc3NJMjh6EkuCFej46zUqJ4J7pqYlThyd9bO0XBTmcOIhSzZJVWfsLks0+nle/j538YAW9RQ==",
      "dependencies": {
        "b4a": "^1.6.4",
        "fast-fifo": "^1.2.0",
        "streamx": "^2.15.0"
      }
    },
    "node_modules/text-decoder": {
      "version": "1.2.3",
      "resolved": "https://registry.npmjs.org/text-decoder/-/text-decoder-1.2.3.tgz",
      "integrity": "sha512-3/o9z3X0X0fTupwsYvR03pJ/DjWuqqrfwBgTQzdWDiQSm9KitAyz/9WqsT2JQW7KV2m+bC2ol/zqpW37NHxLaA==",
      "dependencies": {
        "b4a": "^1.6.4"
      }
    },
    "node_modules/wrappy": {
      "version": "1.0.2",
      "resolved": "https://registry.npmjs.org/wrappy/-/wrappy-1.0.2.tgz",
      "integrity": "sha512-l4Sp/DRseor9wL6EvV2+TuQn63dMkPjZ/sp9XkghTEbV9KlPS1xUsZ3u7/IQO4wxtcFB4bgpQPRcR3QCvezPcQ=="
    }
  }
}
